
Microsoft Visual Studio Solution File, Format Version 12.00
# Visual Studio 2012
Project("{FAE04EC0-301F-11D3-BF4B-00C04F79EFBC}") = "LocalizingCustomTextPlatformRenderer.Android", "LocalizingCustomTextPlatformRenderer.Android\LocalizingCustomTextPlatformRenderer.Android.csproj", "{EA1E0D73-7D33-456C-A560-181F3B91C38D}"
EndProject
Project("{FAE04EC0-301F-11D3-BF4B-00C04F79EFBC}") = "LocalizingCustomTextPlatformRenderer.iOS", "LocalizingCustomTextPlatformRenderer.iOS\LocalizingCustomTextPlatformRenderer.iOS.csproj", "{104586C2-BABE-4795-85E9-7B494829C7C6}"
EndProject
Project("{FAE04EC0-301F-11D3-BF4B-00C04F79EFBC}") = "LocalizingCustomTextPlatformRenderer", "LocalizingCustomTextPlatformRenderer\LocalizingCustomTextPlatformRenderer.csproj", "{5FF01C5D-C067-415F-AB84-076EF28F8041}"
EndProject
Global
	GlobalSection(SolutionConfigurationPlatforms) = preSolution
		Debug|Any CPU = Debug|Any CPU
		Release|Any CPU = Release|Any CPU
		Debug|iPhoneSimulator = Debug|iPhoneSimulator
		Release|iPhoneSimulator = Release|iPhoneSimulator
		Debug|iPhone = Debug|iPhone
		Release|iPhone = Release|iPhone
		Ad-Hoc|iPhone = Ad-Hoc|iPhone
		AppStore|iPhone = AppStore|iPhone
	EndGlobalSection
	GlobalSection(ProjectConfigurationPlatforms) = postSolution
		{EA1E0D73-7D33-456C-A560-181F3B91C38D}.Debug|Any CPU.ActiveCfg = Debug|Any CPU
		{EA1E0D73-7D33-456C-A560-181F3B91C38D}.Debug|Any CPU.Build.0 = Debug|Any CPU
		{EA1E0D73-7D33-456C-A560-181F3B91C38D}.Release|Any CPU.ActiveCfg = Release|Any CPU
		{EA1E0D73-7D33-456C-A560-181F3B91C38D}.Release|Any CPU.Build.0 = Release|Any CPU
		{EA1E0D73-7D33-456C-A560-181F3B91C38D}.Debug|iPhoneSimulator.ActiveCfg = Debug|Any CPU
		{EA1E0D73-7D33-456C-A560-181F3B91C38D}.Debug|iPhoneSimulator.Build.0 = Debug|Any CPU
		{EA1E0D73-7D33-456C-A560-181F3B91C38D}.Release|iPhoneSimulator.ActiveCfg = Release|Any CPU
		{EA1E0D73-7D33-456C-A560-181F3B91C38D}.Release|iPhoneSimulator.Build.0 = Release|Any CPU
		{EA1E0D73-7D33-456C-A560-181F3B91C38D}.Debug|iPhone.ActiveCfg = Debug|Any CPU
		{EA1E0D73-7D33-456C-A560-181F3B91C38D}.Debug|iPhone.Build.0 = Debug|Any CPU
		{EA1E0D73-7D33-456C-A560-181F3B91C38D}.Release|iPhone.ActiveCfg = Release|Any CPU
		{EA1E0D73-7D33-456C-A560-181F3B91C38D}.Release|iPhone.Build.0 = Release|Any CPU
		{EA1E0D73-7D33-456C-A560-181F3B91C38D}.Ad-Hoc|iPhone.ActiveCfg = Debug|Any CPU
		{EA1E0D73-7D33-456C-A560-181F3B91C38D}.Ad-Hoc|iPhone.Build.0 = Debug|Any CPU
		{EA1E0D73-7D33-456C-A560-181F3B91C38D}.AppStore|iPhone.ActiveCfg = Debug|Any CPU
		{EA1E0D73-7D33-456C-A560-181F3B91C38D}.AppStore|iPhone.Build.0 = Debug|Any CPU
		{104586C2-BABE-4795-85E9-7B494829C7C6}.Debug|Any CPU.ActiveCfg = Debug|iPhoneSimulator
		{104586C2-BABE-4795-85E9-7B494829C7C6}.Debug|Any CPU.Build.0 = Debug|iPhoneSimulator
		{104586C2-BABE-4795-85E9-7B494829C7C6}.Release|Any CPU.ActiveCfg = Release|iPhoneSimulator
		{104586C2-BABE-4795-85E9-7B494829C7C6}.Release|Any CPU.Build.0 = Release|iPhoneSimulator
		{104586C2-BABE-4795-85E9-7B494829C7C6}.Debug|iPhoneSimulator.ActiveCfg = Debug|iPhoneSimulator
		{104586C2-BABE-4795-85E9-7B494829C7C6}.Debug|iPhoneSimulator.Build.0 = Debug|iPhoneSimulator
		{104586C2-BABE-4795-85E9-7B494829C7C6}.Release|iPhoneSimulator.ActiveCfg = Release|iPhoneSimulator
		{104586C2-BABE-4795-85E9-7B494829C7C6}.Release|iPhoneSimulator.Build.0 = Release|iPhoneSimulator
		{104586C2-BABE-4795-85E9-7B494829C7C6}.Debug|iPhone.ActiveCfg = Debug|iPhone
		{104586C2-BABE-4795-85E9-7B494829C7C6}.Debug|iPhone.Build.0 = Debug|iPhone
		{104586C2-BABE-4795-85E9-7B494829C7C6}.Release|iPhone.ActiveCfg = Release|iPhone
		{104586C2-BABE-4795-85E9-7B494829C7C6}.Release|iPhone.Build.0 = Release|iPhone
		{104586C2-BABE-4795-85E9-7B494829C7C6}.Ad-Hoc|iPhone.ActiveCfg = Ad-Hoc|iPhone
		{104586C2-BABE-4795-85E9-7B494829C7C6}.Ad-Hoc|iPhone.Build.0 = Ad-Hoc|iPhone
		{104586C2-BABE-4795-85E9-7B494829C7C6}.AppStore|iPhone.ActiveCfg = AppStore|iPhone
		{104586C2-BABE-4795-85E9-7B494829C7C6}.AppStore|iPhone.Build.0 = AppStore|iPhone
		{5FF01C5D-C067-415F-AB84-076EF28F8041}.Debug|Any CPU.ActiveCfg = Debug|Any CPU
		{5FF01C5D-C067-415F-AB84-076EF28F8041}.Debug|Any CPU.Build.0 = Debug|Any CPU
		{5FF01C5D-C067-415F-AB84-076EF28F8041}.Release|Any CPU.ActiveCfg = Release|Any CPU
		{5FF01C5D-C067-415F-AB84-076EF28F8041}.Release|Any CPU.Build.0 = Release|Any CPU
		{5FF01C5D-C067-415F-AB84-076EF28F8041}.Debug|iPhoneSimulator.ActiveCfg = Debug|Any CPU
		{5FF01C5D-C067-415F-AB84-076EF28F8041}.Debug|iPhoneSimulator.Build.0 = Debug|Any CPU
		{5FF01C5D-C067-415F-AB84-076EF28F8041}.Release|iPhoneSimulator.ActiveCfg = Release|Any CPU
		{5FF01C5D-C067-415F-AB84-076EF28F8041}.Release|iPhoneSimulator.Build.0 = Release|Any CPU
		{5FF01C5D-C067-415F-AB84-076EF28F8041}.Debug|iPhone.ActiveCfg = Debug|Any CPU
		{5FF01C5D-C067-415F-AB84-076EF28F8041}.Debug|iPhone.Build.0 = Debug|Any CPU
		{5FF01C5D-C067-415F-AB84-076EF28F8041}.Release|iPhone.ActiveCfg = Release|Any CPU
		{5FF01C5D-C067-415F-AB84-076EF28F8041}.Release|iPhone.Build.0 = Release|Any CPU
		{5FF01C5D-C067-415F-AB84-076EF28F8041}.Ad-Hoc|iPhone.ActiveCfg = Debug|Any CPU
		{5FF01C5D-C067-415F-AB84-076EF28F8041}.Ad-Hoc|iPhone.Build.0 = Debug|Any CPU
		{5FF01C5D-C067-415F-AB84-076EF28F8041}.AppStore|iPhone.ActiveCfg = Debug|Any CPU
		{5FF01C5D-C067-415F-AB84-076EF28F8041}.AppStore|iPhone.Build.0 = Debug|Any CPU
	EndGlobalSection
EndGlobal
